{
  "version": "2",
  "remote": {
    "https://deno.land/std@0.175.0/collections/filter_values.ts": "5b9feaf17b9a6e5ffccdd36cf6f38fa4ffa94cff2602d381c2ad0c2a97929652",
    "https://deno.land/std@0.175.0/collections/without_all.ts": "a89f5da0b5830defed4f59666e188df411d8fece35a5f6ca69be6ca71a95c185",
    "https://deno.land/std@0.175.0/dotenv/load.ts": "0636983549b98f29ab75c9a22a42d9723f0a389ece5498fe971e7bb2556a12e2",
    "https://deno.land/std@0.175.0/dotenv/mod.ts": "8dcbc8a40b896a0bf094582aaeadbfc76d3528872faf2efc0302beb1d2f6afd0"
  },
  "npm": {
    "specifiers": {
      "@ag1/auto-handle-mariadb-pool-connection": "@ag1/auto-handle-mariadb-pool-connection@1.0.1_mariadb@3.0.2",
      "@fastify/cors": "@fastify/cors@8.2.0",
      "@fastify/helmet": "@fastify/helmet@10.1.0",
      "@fastify/sensible": "@fastify/sensible@5.2.0",
      "fastify": "fastify@4.12.0",
      "mariadb": "mariadb@3.0.2"
    },
    "packages": {
      "@ag1/auto-handle-mariadb-pool-connection@1.0.1_mariadb@3.0.2": {
        "integrity": "sha512-SBQkagbI6RHcIFsTdM3tKJLhYYF18gG8WGx9FrujToJuuzPM2JVZ76vb23hkveORt1uc05ypGU6CgLjeIbyCsw==",
        "dependencies": {
          "mariadb": "mariadb@3.0.2"
        }
      },
      "@fastify/ajv-compiler@3.5.0": {
        "integrity": "sha512-ebbEtlI7dxXF5ziNdr05mOY8NnDiPB1XvAlLHctRt/Rc+C3LCOVW5imUVX+mhvUhnNzmPBHewUkOFgGlCxgdAA==",
        "dependencies": {
          "ajv": "ajv@8.12.0",
          "ajv-formats": "ajv-formats@2.1.1",
          "fast-uri": "fast-uri@2.2.0"
        }
      },
      "@fastify/cors@8.2.0": {
        "integrity": "sha512-qDgwpmg6C4D0D3nh8MTMuRXWyEwPnDZDBODaJv90FP2o9ukbahJByW4FtrM5Bpod5KbTf1oIExBmpItbUTQmHg==",
        "dependencies": {
          "fastify-plugin": "fastify-plugin@4.5.0",
          "mnemonist": "mnemonist@0.39.5"
        }
      },
      "@fastify/deepmerge@1.3.0": {
        "integrity": "sha512-J8TOSBq3SoZbDhM9+R/u77hP93gz/rajSA+K2kGyijPpORPWUXHUpTaleoj+92As0S9uPRP7Oi8IqMf0u+ro6A==",
        "dependencies": {}
      },
      "@fastify/error@3.2.0": {
        "integrity": "sha512-KAfcLa+CnknwVi5fWogrLXgidLic+GXnLjijXdpl8pvkvbXU5BGa37iZO9FGvsh9ZL4y+oFi5cbHBm5UOG+dmQ==",
        "dependencies": {}
      },
      "@fastify/fast-json-stringify-compiler@4.2.0": {
        "integrity": "sha512-ypZynRvXA3dibfPykQN3RB5wBdEUgSGgny8Qc6k163wYPLD4mEGEDkACp+00YmqkGvIm8D/xYoHajwyEdWD/eg==",
        "dependencies": {
          "fast-json-stringify": "fast-json-stringify@5.5.0"
        }
      },
      "@fastify/helmet@10.1.0": {
        "integrity": "sha512-v7QJPYf1uVcCwzyHzkDGcHTqDPscXj/61JKxOdvczyDPAKTxSeb9Sc2OBActXaj7zUELiAdgnkKkzNwmCNzBLQ==",
        "dependencies": {
          "fastify-plugin": "fastify-plugin@4.5.0",
          "helmet": "helmet@6.0.1"
        }
      },
      "@fastify/sensible@5.2.0": {
        "integrity": "sha512-fy5vqJJAMVQctUT+kYfGdaGYeW9d8JaWEqtdWN6UmzQQ3VX0qMXE7Qc/MmfE+Cj3v0g5kbeR+obd3HZr3IMf+w==",
        "dependencies": {
          "fast-deep-equal": "fast-deep-equal@3.1.3",
          "fastify-plugin": "fastify-plugin@4.5.0",
          "forwarded": "forwarded@0.2.0",
          "http-errors": "http-errors@2.0.0",
          "ms": "ms@2.1.3",
          "type-is": "type-is@1.6.18",
          "vary": "vary@1.1.2"
        }
      },
      "@types/geojson@7946.0.10": {
        "integrity": "sha512-Nmh0K3iWQJzniTuPRcJn5hxXkfB1T1pgB89SBig5PlJQU5yocazeu4jATJlaA0GYFKWMqDdvYemoSnF2pXgLVA==",
        "dependencies": {}
      },
      "@types/node@17.0.45": {
        "integrity": "sha512-w+tIMs3rq2afQdsPJlODhoUEKzFP1ayaoyl1CcnwtIlsVe7K7bA1NGm4s3PraqTLlXnbIN84zuBlxBWo1u9BLw==",
        "dependencies": {}
      },
      "abort-controller@3.0.0": {
        "integrity": "sha512-h8lQ8tacZYnR3vNQTgibj+tODHI5/+l06Au2Pcriv/Gmet0eaj4TwWH41sO9wnHDiQsEj19q0drzdWdeAHtweg==",
        "dependencies": {
          "event-target-shim": "event-target-shim@5.0.1"
        }
      },
      "abstract-logging@2.0.1": {
        "integrity": "sha512-2BjRTZxTPvheOvGbBslFSYOUkr+SjPtOnrLP33f+VIWLzezQpZcqVg7ja3L4dBXmzzgwT+a029jRx5PCi3JuiA==",
        "dependencies": {}
      },
      "ajv-formats@2.1.1": {
        "integrity": "sha512-Wx0Kx52hxE7C18hkMEggYlEifqWZtYaRgouJor+WMdPnQyEK13vgEWyVNup7SoeeoLMsr4kf5h6dOW11I15MUA==",
        "dependencies": {
          "ajv": "ajv@8.12.0"
        }
      },
      "ajv@8.12.0": {
        "integrity": "sha512-sRu1kpcO9yLtYxBKvqfTeh9KzZEwO3STyX1HT+4CaDzC6HpTGYhIhPIzj9XuKU7KYDwnaeh5hcOwjy1QuJzBPA==",
        "dependencies": {
          "fast-deep-equal": "fast-deep-equal@3.1.3",
          "json-schema-traverse": "json-schema-traverse@1.0.0",
          "require-from-string": "require-from-string@2.0.2",
          "uri-js": "uri-js@4.4.1"
        }
      },
      "archy@1.0.0": {
        "integrity": "sha512-Xg+9RwCg/0p32teKdGMPTPnVXKD0w3DfHnFTficozsAgsvq2XenPJq/MYpzzQ/v8zrOyJn6Ds39VA4JIDwFfqw==",
        "dependencies": {}
      },
      "atomic-sleep@1.0.0": {
        "integrity": "sha512-kNOjDqAh7px0XWNI+4QbzoiR/nTkHAWNud2uvnJquD1/x5a7EQZMJT0AczqK0Qn67oY/TTQ1LbUKajZpp3I9tQ==",
        "dependencies": {}
      },
      "avvio@8.2.0": {
        "integrity": "sha512-bbCQdg7bpEv6kGH41RO/3B2/GMMmJSo2iBK+X8AWN9mujtfUipMDfIjsgHCfpnKqoGEQrrmCDKSa5OQ19+fDmg==",
        "dependencies": {
          "archy": "archy@1.0.0",
          "debug": "debug@4.3.4",
          "fastq": "fastq@1.15.0"
        }
      },
      "base64-js@1.5.1": {
        "integrity": "sha512-AKpaYlHn8t4SVbOHCy+b5+KKgvR4vrsD8vbvrbiQJps7fKDTkjkDry6ji0rUJjC0kzbNePLwzxq8iypo41qeWA==",
        "dependencies": {}
      },
      "buffer@6.0.3": {
        "integrity": "sha512-FTiCpNxtwiZZHEZbcbTIcZjERVICn9yq/pDFkTl95/AxzD1naBctN7YO68riM/gLSDY7sdrMby8hofADYuuqOA==",
        "dependencies": {
          "base64-js": "base64-js@1.5.1",
          "ieee754": "ieee754@1.2.1"
        }
      },
      "cookie@0.5.0": {
        "integrity": "sha512-YZ3GUyn/o8gfKJlnlX7g7xq4gyO6OSuhGPKaaGssGB2qgDUS0gPgtTvoyZLTt9Ab6dC4hfc9dV5arkvc/OCmrw==",
        "dependencies": {}
      },
      "debug@4.3.4": {
        "integrity": "sha512-PRWFHuSU3eDtQJPvnNY7Jcket1j0t5OuOsFzPPzsekD52Zl8qUfFIPEiswXqIvHWGVHOgX+7G/vCNNhehwxfkQ==",
        "dependencies": {
          "ms": "ms@2.1.2"
        }
      },
      "denque@2.1.0": {
        "integrity": "sha512-HVQE3AAb/pxF8fQAoiqpvg9i3evqug3hoiwakOyZAwJm+6vZehbkYXZ0l4JxS+I3QxM97v5aaRNhj8v5oBhekw==",
        "dependencies": {}
      },
      "depd@2.0.0": {
        "integrity": "sha512-g7nH6P6dyDioJogAAGprGpCtVImJhpPk/roCzdb3fIh61/s/nPsfR6onyMwkCAR/OlC3yBC0lESvUoQEAssIrw==",
        "dependencies": {}
      },
      "event-target-shim@5.0.1": {
        "integrity": "sha512-i/2XbnSz/uxRCU6+NdVJgKWDTM427+MqYbkQzD321DuCQJUqOuJKIA0IM2+W2xtYHdKOmZ4dR6fExsd4SXL+WQ==",
        "dependencies": {}
      },
      "events@3.3.0": {
        "integrity": "sha512-mQw+2fkQbALzQ7V0MY0IqdnXNOeTtP4r0lN9z7AAawCXgqea7bDii20AYrIBrFd/Hx0M2Ocz6S111CaFkUcb0Q==",
        "dependencies": {}
      },
      "fast-content-type-parse@1.0.0": {
        "integrity": "sha512-Xbc4XcysUXcsP5aHUU7Nq3OwvHq97C+WnbkeIefpeYLX+ryzFJlU6OStFJhs6Ol0LkUGpcK+wL0JwfM+FCU5IA==",
        "dependencies": {}
      },
      "fast-decode-uri-component@1.0.1": {
        "integrity": "sha512-WKgKWg5eUxvRZGwW8FvfbaH7AXSh2cL+3j5fMGzUMCxWBJ3dV3a7Wz8y2f/uQ0e3B6WmodD3oS54jTQ9HVTIIg==",
        "dependencies": {}
      },
      "fast-deep-equal@3.1.3": {
        "integrity": "sha512-f3qQ9oQy9j2AhBe/H9VC91wLmKBCCU/gDOnKNAYG5hswO7BLKj09Hc5HYNz9cGI++xlpDCIgDaitVs03ATR84Q==",
        "dependencies": {}
      },
      "fast-json-stringify@5.5.0": {
        "integrity": "sha512-rmw2Z8/mLkND8zI+3KTYIkNPEoF5v6GqDP/o+g7H3vjdWjBwuKpgAYFHIzL6ORRB+iqDjjtJnLIW9Mzxn5szOA==",
        "dependencies": {
          "@fastify/deepmerge": "@fastify/deepmerge@1.3.0",
          "ajv": "ajv@8.12.0",
          "ajv-formats": "ajv-formats@2.1.1",
          "fast-deep-equal": "fast-deep-equal@3.1.3",
          "fast-uri": "fast-uri@2.2.0",
          "rfdc": "rfdc@1.3.0"
        }
      },
      "fast-querystring@1.1.0": {
        "integrity": "sha512-LWkjBCZlxjnSanuPpZ6mHswjy8hQv3VcPJsQB3ltUF2zjvrycr0leP3TSTEEfvQ1WEMSRl5YNsGqaft9bjLqEw==",
        "dependencies": {
          "fast-decode-uri-component": "fast-decode-uri-component@1.0.1"
        }
      },
      "fast-redact@3.1.2": {
        "integrity": "sha512-+0em+Iya9fKGfEQGcd62Yv6onjBmmhV1uh86XVfOU8VwAe6kaFdQCWI9s0/Nnugx5Vd9tdbZ7e6gE2tR9dzXdw==",
        "dependencies": {}
      },
      "fast-uri@2.2.0": {
        "integrity": "sha512-cIusKBIt/R/oI6z/1nyfe2FvGKVTohVRfvkOhvx0nCEW+xf5NoCXjAHcWp93uOUBchzYcsvPlrapAdX1uW+YGg==",
        "dependencies": {}
      },
      "fastify-plugin@4.5.0": {
        "integrity": "sha512-79ak0JxddO0utAXAQ5ccKhvs6vX2MGyHHMMsmZkBANrq3hXc1CHzvNPHOcvTsVMEPl5I+NT+RO4YKMGehOfSIg==",
        "dependencies": {}
      },
      "fastify@4.12.0": {
        "integrity": "sha512-Hh2GCsOCqnOuewWSvqXlpq5V/9VA+/JkVoooQWUhrU6gryO9+/UGOoF/dprGcKSDxkM/9TkMXSffYp8eA/YhYQ==",
        "dependencies": {
          "@fastify/ajv-compiler": "@fastify/ajv-compiler@3.5.0",
          "@fastify/error": "@fastify/error@3.2.0",
          "@fastify/fast-json-stringify-compiler": "@fastify/fast-json-stringify-compiler@4.2.0",
          "abstract-logging": "abstract-logging@2.0.1",
          "avvio": "avvio@8.2.0",
          "fast-content-type-parse": "fast-content-type-parse@1.0.0",
          "find-my-way": "find-my-way@7.4.0",
          "light-my-request": "light-my-request@5.8.0",
          "pino": "pino@8.8.0",
          "process-warning": "process-warning@2.1.0",
          "proxy-addr": "proxy-addr@2.0.7",
          "rfdc": "rfdc@1.3.0",
          "secure-json-parse": "secure-json-parse@2.7.0",
          "semver": "semver@7.3.8",
          "tiny-lru": "tiny-lru@10.0.1"
        }
      },
      "fastq@1.15.0": {
        "integrity": "sha512-wBrocU2LCXXa+lWBt8RoIRD89Fi8OdABODa/kEnyeyjS5aZO5/GNvI5sEINADqP/h8M29UHTHUb53sUu5Ihqdw==",
        "dependencies": {
          "reusify": "reusify@1.0.4"
        }
      },
      "find-my-way@7.4.0": {
        "integrity": "sha512-JFT7eURLU5FumlZ3VBGnveId82cZz7UR7OUu+THQJOwdQXxmS/g8v0KLoFhv97HreycOrmAbqjXD/4VG2j0uMQ==",
        "dependencies": {
          "fast-deep-equal": "fast-deep-equal@3.1.3",
          "fast-querystring": "fast-querystring@1.1.0",
          "safe-regex2": "safe-regex2@2.0.0"
        }
      },
      "forwarded@0.2.0": {
        "integrity": "sha512-buRG0fpBtRHSTCOASe6hD258tEubFoRLb4ZNA6NxMVHNw2gOcwHo9wyablzMzOA5z9xA9L1KNjk/Nt6MT9aYow==",
        "dependencies": {}
      },
      "helmet@6.0.1": {
        "integrity": "sha512-8wo+VdQhTMVBMCITYZaGTbE4lvlthelPYSvoyNvk4RECTmrVjMerp9RfUOQXZWLvCcAn1pKj7ZRxK4lI9Alrcw==",
        "dependencies": {}
      },
      "http-errors@2.0.0": {
        "integrity": "sha512-FtwrG/euBzaEjYeRqOgly7G0qviiXoJWnvEH2Z1plBdXgbyjv34pHTSb9zoeHMyDy33+DWy5Wt9Wo+TURtOYSQ==",
        "dependencies": {
          "depd": "depd@2.0.0",
          "inherits": "inherits@2.0.4",
          "setprototypeof": "setprototypeof@1.2.0",
          "statuses": "statuses@2.0.1",
          "toidentifier": "toidentifier@1.0.1"
        }
      },
      "iconv-lite@0.6.3": {
        "integrity": "sha512-4fCk79wshMdzMp2rH06qWrJE4iolqLhCUH+OiuIgU++RB0+94NlDL81atO7GX55uUKueo0txHNtvEyI6D7WdMw==",
        "dependencies": {
          "safer-buffer": "safer-buffer@2.1.2"
        }
      },
      "ieee754@1.2.1": {
        "integrity": "sha512-dcyqhDvX1C46lXZcVqCpK+FtMRQVdIMN6/Df5js2zouUsqG7I6sFxitIC+7KYK29KdXOLHdu9zL4sFnoVQnqaA==",
        "dependencies": {}
      },
      "inherits@2.0.4": {
        "integrity": "sha512-k/vGaX4/Yla3WzyMCvTQOXYeIHvqOKtnqBduzTHpzpQZzAskKMhZ2K+EnBiSM9zGSoIFeMpXKxa4dYeZIQqewQ==",
        "dependencies": {}
      },
      "ipaddr.js@1.9.1": {
        "integrity": "sha512-0KI/607xoxSToH7GjN1FfSbLoU0+btTicjsQSWQlh/hZykN8KpmMf7uYwPW3R+akZ6R/w18ZlXSHBYXiYUPO3g==",
        "dependencies": {}
      },
      "json-schema-traverse@1.0.0": {
        "integrity": "sha512-NM8/P9n3XjXhIZn1lLhkFaACTOURQXjWhV4BA/RnOv8xvgqtqpAX9IO4mRQxSx1Rlo4tqzeqb0sOlruaOy3dug==",
        "dependencies": {}
      },
      "light-my-request@5.8.0": {
        "integrity": "sha512-4BtD5C+VmyTpzlDPCZbsatZMJVgUIciSOwYhJDCbLffPZ35KoDkDj4zubLeHDEb35b4kkPeEv5imbh+RJxK/Pg==",
        "dependencies": {
          "cookie": "cookie@0.5.0",
          "process-warning": "process-warning@2.1.0",
          "set-cookie-parser": "set-cookie-parser@2.5.1"
        }
      },
      "lru-cache@6.0.0": {
        "integrity": "sha512-Jo6dJ04CmSjuznwJSS3pUeWmd/H0ffTlkXXgwZi+eq1UCmqQwCh+eLsYOYCwY991i2Fah4h1BEMCx4qThGbsiA==",
        "dependencies": {
          "yallist": "yallist@4.0.0"
        }
      },
      "lru-cache@7.14.1": {
        "integrity": "sha512-ysxwsnTKdAx96aTRdhDOCQfDgbHnt8SK0KY8SEjO0wHinhWOFTESbjVCMPbU1uGXg/ch4lifqx0wfjOawU2+WA==",
        "dependencies": {}
      },
      "mariadb@3.0.2": {
        "integrity": "sha512-dVjiQZ6RW0IXFnX+T/ZEmnqs724DgkQsXqfCyInXn0XxVfO2Px6KbS4M3Ny6UiBg0zJ93SHHvfVBgYO4ZnFvvw==",
        "dependencies": {
          "@types/geojson": "@types/geojson@7946.0.10",
          "@types/node": "@types/node@17.0.45",
          "denque": "denque@2.1.0",
          "iconv-lite": "iconv-lite@0.6.3",
          "lru-cache": "lru-cache@7.14.1",
          "moment-timezone": "moment-timezone@0.5.40"
        }
      },
      "media-typer@0.3.0": {
        "integrity": "sha512-dq+qelQ9akHpcOl/gUVRTxVIOkAJ1wR3QAvb4RsVjS8oVoFjDGTc679wJYmUmknUF5HwMLOgb5O+a3KxfWapPQ==",
        "dependencies": {}
      },
      "mime-db@1.52.0": {
        "integrity": "sha512-sPU4uV7dYlvtWJxwwxHD0PuihVNiE7TyAbQ5SWxDCB9mUYvOgroQOwYQQOKPJ8CIbE+1ETVlOoK1UC2nU3gYvg==",
        "dependencies": {}
      },
      "mime-types@2.1.35": {
        "integrity": "sha512-ZDY+bPm5zTTF+YpCrAU9nK0UgICYPT0QtT1NZWFv4s++TNkcgVaT0g6+4R2uI4MjQjzysHB1zxuWL50hzaeXiw==",
        "dependencies": {
          "mime-db": "mime-db@1.52.0"
        }
      },
      "mnemonist@0.39.5": {
        "integrity": "sha512-FPUtkhtJ0efmEFGpU14x7jGbTB+s18LrzRL2KgoWz9YvcY3cPomz8tih01GbHwnGk/OmkOKfqd/RAQoc8Lm7DQ==",
        "dependencies": {
          "obliterator": "obliterator@2.0.4"
        }
      },
      "moment-timezone@0.5.40": {
        "integrity": "sha512-tWfmNkRYmBkPJz5mr9GVDn9vRlVZOTe6yqY92rFxiOdWXbjaR0+9LwQnZGGuNR63X456NqmEkbskte8tWL5ePg==",
        "dependencies": {
          "moment": "moment@2.29.4"
        }
      },
      "moment@2.29.4": {
        "integrity": "sha512-5LC9SOxjSc2HF6vO2CyuTDNivEdoz2IvyJJGj6X8DJ0eFyfszE0QiEd+iXmBvUP3WHxSjFH/vIsA0EN00cgr8w==",
        "dependencies": {}
      },
      "ms@2.1.2": {
        "integrity": "sha512-sGkPx+VjMtmA6MX27oA4FBFELFCZZ4S4XqeGOXCv68tT+jb3vk/RyaKWP0PTKyWtmLSM0b+adUTEvbs1PEaH2w==",
        "dependencies": {}
      },
      "ms@2.1.3": {
        "integrity": "sha512-6FlzubTLZG3J2a/NVCAleEhjzq5oxgHyaCU9yYXvcLsvoVaHJq/s5xXI6/XXP6tz7R9xAOtHnSO/tXtF3WRTlA==",
        "dependencies": {}
      },
      "obliterator@2.0.4": {
        "integrity": "sha512-lgHwxlxV1qIg1Eap7LgIeoBWIMFibOjbrYPIPJZcI1mmGAI2m3lNYpK12Y+GBdPQ0U1hRwSord7GIaawz962qQ==",
        "dependencies": {}
      },
      "on-exit-leak-free@2.1.0": {
        "integrity": "sha512-VuCaZZAjReZ3vUwgOB8LxAosIurDiAW0s13rI1YwmaP++jvcxP77AWoQvenZebpCA2m8WC1/EosPYPMjnRAp/w==",
        "dependencies": {}
      },
      "pino-abstract-transport@1.0.0": {
        "integrity": "sha512-c7vo5OpW4wIS42hUVcT5REsL8ZljsUfBjqV/e2sFxmFEFZiq1XLUp5EYLtuDH6PEHq9W1egWqRbnLUP5FuZmOA==",
        "dependencies": {
          "readable-stream": "readable-stream@4.3.0",
          "split2": "split2@4.1.0"
        }
      },
      "pino-std-serializers@6.1.0": {
        "integrity": "sha512-KO0m2f1HkrPe9S0ldjx7za9BJjeHqBku5Ch8JyxETxT8dEFGz1PwgrHaOQupVYitpzbFSYm7nnljxD8dik2c+g==",
        "dependencies": {}
      },
      "pino@8.8.0": {
        "integrity": "sha512-cF8iGYeu2ODg2gIwgAHcPrtR63ILJz3f7gkogaHC/TXVVXxZgInmNYiIpDYEwgEkxZti2Se6P2W2DxlBIZe6eQ==",
        "dependencies": {
          "atomic-sleep": "atomic-sleep@1.0.0",
          "fast-redact": "fast-redact@3.1.2",
          "on-exit-leak-free": "on-exit-leak-free@2.1.0",
          "pino-abstract-transport": "pino-abstract-transport@1.0.0",
          "pino-std-serializers": "pino-std-serializers@6.1.0",
          "process-warning": "process-warning@2.1.0",
          "quick-format-unescaped": "quick-format-unescaped@4.0.4",
          "real-require": "real-require@0.2.0",
          "safe-stable-stringify": "safe-stable-stringify@2.4.2",
          "sonic-boom": "sonic-boom@3.2.1",
          "thread-stream": "thread-stream@2.3.0"
        }
      },
      "process-warning@2.1.0": {
        "integrity": "sha512-9C20RLxrZU/rFnxWncDkuF6O999NdIf3E1ws4B0ZeY3sRVPzWBMsYDE2lxjxhiXxg464cQTgKUGm8/i6y2YGXg==",
        "dependencies": {}
      },
      "process@0.11.10": {
        "integrity": "sha512-cdGef/drWFoydD1JsMzuFf8100nZl+GT+yacc2bEced5f9Rjk4z+WtFUTBu9PhOi9j/jfmBPu0mMEY4wIdAF8A==",
        "dependencies": {}
      },
      "proxy-addr@2.0.7": {
        "integrity": "sha512-llQsMLSUDUPT44jdrU/O37qlnifitDP+ZwrmmZcoSKyLKvtZxpyV0n2/bD/N4tBAAZ/gJEdZU7KMraoK1+XYAg==",
        "dependencies": {
          "forwarded": "forwarded@0.2.0",
          "ipaddr.js": "ipaddr.js@1.9.1"
        }
      },
      "punycode@2.3.0": {
        "integrity": "sha512-rRV+zQD8tVFys26lAGR9WUuS4iUAngJScM+ZRSKtvl5tKeZ2t5bvdNFdNHBW9FWR4guGHlgmsZ1G7BSm2wTbuA==",
        "dependencies": {}
      },
      "quick-format-unescaped@4.0.4": {
        "integrity": "sha512-tYC1Q1hgyRuHgloV/YXs2w15unPVh8qfu/qCTfhTYamaw7fyhumKa2yGpdSo87vY32rIclj+4fWYQXUMs9EHvg==",
        "dependencies": {}
      },
      "readable-stream@4.3.0": {
        "integrity": "sha512-MuEnA0lbSi7JS8XM+WNJlWZkHAAdm7gETHdFK//Q/mChGyj2akEFtdLZh32jSdkWGbRwCW9pn6g3LWDdDeZnBQ==",
        "dependencies": {
          "abort-controller": "abort-controller@3.0.0",
          "buffer": "buffer@6.0.3",
          "events": "events@3.3.0",
          "process": "process@0.11.10"
        }
      },
      "real-require@0.2.0": {
        "integrity": "sha512-57frrGM/OCTLqLOAh0mhVA9VBMHd+9U7Zb2THMGdBUoZVOtGbJzjxsYGDJ3A9AYYCP4hn6y1TVbaOfzWtm5GFg==",
        "dependencies": {}
      },
      "require-from-string@2.0.2": {
        "integrity": "sha512-Xf0nWe6RseziFMu+Ap9biiUbmplq6S9/p+7w7YXP/JBHhrUDDUhwa+vANyubuqfZWTveU//DYVGsDG7RKL/vEw==",
        "dependencies": {}
      },
      "ret@0.2.2": {
        "integrity": "sha512-M0b3YWQs7R3Z917WRQy1HHA7Ba7D8hvZg6UE5mLykJxQVE2ju0IXbGlaHPPlkY+WN7wFP+wUMXmBFA0aV6vYGQ==",
        "dependencies": {}
      },
      "reusify@1.0.4": {
        "integrity": "sha512-U9nH88a3fc/ekCF1l0/UP1IosiuIjyTh7hBvXVMHYgVcfGvt897Xguj2UOLDeI5BG2m7/uwyaLVT6fbtCwTyzw==",
        "dependencies": {}
      },
      "rfdc@1.3.0": {
        "integrity": "sha512-V2hovdzFbOi77/WajaSMXk2OLm+xNIeQdMMuB7icj7bk6zi2F8GGAxigcnDFpJHbNyNcgyJDiP+8nOrY5cZGrA==",
        "dependencies": {}
      },
      "safe-regex2@2.0.0": {
        "integrity": "sha512-PaUSFsUaNNuKwkBijoAPHAK6/eM6VirvyPWlZ7BAQy4D+hCvh4B6lIG+nPdhbFfIbP+gTGBcrdsOaUs0F+ZBOQ==",
        "dependencies": {
          "ret": "ret@0.2.2"
        }
      },
      "safe-stable-stringify@2.4.2": {
        "integrity": "sha512-gMxvPJYhP0O9n2pvcfYfIuYgbledAOJFcqRThtPRmjscaipiwcwPPKLytpVzMkG2HAN87Qmo2d4PtGiri1dSLA==",
        "dependencies": {}
      },
      "safer-buffer@2.1.2": {
        "integrity": "sha512-YZo3K82SD7Riyi0E1EQPojLz7kpepnSQI9IyPbHHg1XXXevb5dJI7tpyN2ADxGcQbHG7vcyRHk0cbwqcQriUtg==",
        "dependencies": {}
      },
      "secure-json-parse@2.7.0": {
        "integrity": "sha512-6aU+Rwsezw7VR8/nyvKTx8QpWH9FrcYiXXlqC4z5d5XQBDRqtbfsRjnwGyqbi3gddNtWHuEk9OANUotL26qKUw==",
        "dependencies": {}
      },
      "semver@7.3.8": {
        "integrity": "sha512-NB1ctGL5rlHrPJtFDVIVzTyQylMLu9N9VICA6HSFJo8MCGVTMW6gfpicwKmmK/dAjTOrqu5l63JJOpDSrAis3A==",
        "dependencies": {
          "lru-cache": "lru-cache@6.0.0"
        }
      },
      "set-cookie-parser@2.5.1": {
        "integrity": "sha512-1jeBGaKNGdEq4FgIrORu/N570dwoPYio8lSoYLWmX7sQ//0JY08Xh9o5pBcgmHQ/MbsYp/aZnOe1s1lIsbLprQ==",
        "dependencies": {}
      },
      "setprototypeof@1.2.0": {
        "integrity": "sha512-E5LDX7Wrp85Kil5bhZv46j8jOeboKq5JMmYM3gVGdGH8xFpPWXUMsNrlODCrkoxMEeNi/XZIwuRvY4XNwYMJpw==",
        "dependencies": {}
      },
      "sonic-boom@3.2.1": {
        "integrity": "sha512-iITeTHxy3B9FGu8aVdiDXUVAcHMF9Ss0cCsAOo2HfCrmVGT3/DT5oYaeu0M/YKZDlKTvChEyPq0zI9Hf33EX6A==",
        "dependencies": {
          "atomic-sleep": "atomic-sleep@1.0.0"
        }
      },
      "split2@4.1.0": {
        "integrity": "sha512-VBiJxFkxiXRlUIeyMQi8s4hgvKCSjtknJv/LVYbrgALPwf5zSKmEwV9Lst25AkvMDnvxODugjdl6KZgwKM1WYQ==",
        "dependencies": {}
      },
      "statuses@2.0.1": {
        "integrity": "sha512-RwNA9Z/7PrK06rYLIzFMlaF+l73iwpzsqRIFgbMLbTcLD6cOao82TaWefPXQvB2fOC4AjuYSEndS7N/mTCbkdQ==",
        "dependencies": {}
      },
      "thread-stream@2.3.0": {
        "integrity": "sha512-kaDqm1DET9pp3NXwR8382WHbnpXnRkN9xGN9dQt3B2+dmXiW8X1SOwmFOxAErEQ47ObhZ96J6yhZNXuyCOL7KA==",
        "dependencies": {
          "real-require": "real-require@0.2.0"
        }
      },
      "tiny-lru@10.0.1": {
        "integrity": "sha512-Vst+6kEsWvb17Zpz14sRJV/f8bUWKhqm6Dc+v08iShmIJ/WxqWytHzCTd6m88pS33rE2zpX34TRmOpAJPloNCA==",
        "dependencies": {}
      },
      "toidentifier@1.0.1": {
        "integrity": "sha512-o5sSPKEkg/DIQNmH43V0/uerLrpzVedkUh8tGNvaeXpfpuwjKenlSox/2O/BTlZUtEe+JG7s5YhEz608PlAHRA==",
        "dependencies": {}
      },
      "type-is@1.6.18": {
        "integrity": "sha512-TkRKr9sUTxEH8MdfuCSP7VizJyzRNMjj2J2do2Jr3Kym598JVdEksuzPQCnlFPW4ky9Q+iA+ma9BGm06XQBy8g==",
        "dependencies": {
          "media-typer": "media-typer@0.3.0",
          "mime-types": "mime-types@2.1.35"
        }
      },
      "uri-js@4.4.1": {
        "integrity": "sha512-7rKUyy33Q1yc98pQ1DAmLtwX109F7TIfWlW1Ydo8Wl1ii1SeHieeh0HHfPeL2fMXK6z0s8ecKs9frCuLJvndBg==",
        "dependencies": {
          "punycode": "punycode@2.3.0"
        }
      },
      "vary@1.1.2": {
        "integrity": "sha512-BNGbWLfd0eUPabhkXUVm0j8uuvREyTh5ovRa/dyow/BqAbZJyC+5fU+IzQOzmAKzYqYRAISoRhdQr3eIZ/PXqg==",
        "dependencies": {}
      },
      "yallist@4.0.0": {
        "integrity": "sha512-3wdGidZyq5PB084XLES5TpOSRA3wjXAlIWMhum2kRcv/41Sn2emQ0dycQW4uZXLejwKvg6EsvbdlVL+FYEct7A==",
        "dependencies": {}
      }
    }
  }
}